
Microsoft Visual Studio Solution File, Format Version 12.00
# Visual Studio Version 17
VisualStudioVersion = 17.3.32804.467
MinimumVisualStudioVersion = 10.0.40219.1
Project("{9A19103F-16F7-4668-BE54-9A1E7A4F7556}") = "MusicManagementSystem", "MusicManagementSystem\MusicManagementSystem.csproj", "{391DA9A8-AA5F-43F6-8163-D9EFB787B356}"
EndProject
Global
	GlobalSection(SolutionConfigurationPlatforms) = preSolution
		Debug|Any CPU = Debug|Any CPU
		Release|Any CPU = Release|Any CPU
	EndGlobalSection
	GlobalSection(ProjectConfigurationPlatforms) = postSolution
		{391DA9A8-AA5F-43F6-8163-D9EFB787B356}.Debug|Any CPU.ActiveCfg = Debug|Any CPU
		{391DA9A8-AA5F-43F6-8163-D9EFB787B356}.Debug|Any CPU.Build.0 = Debug|Any CPU
		{391DA9A8-AA5F-43F6-8163-D9EFB787B356}.Release|Any CPU.ActiveCfg = Release|Any CPU
		{391DA9A8-AA5F-43F6-8163-D9EFB787B356}.Release|Any CPU.Build.0 = Release|Any CPU
	EndGlobalSection
	GlobalSection(SolutionProperties) = preSolution
		HideSolutionNode = FALSE
	EndGlobalSection
	GlobalSection(ExtensibilityGlobals) = postSolution
		SolutionGuid = {EFAD4CBB-1840-4A09-8A45-883C09DDE767}
	EndGlobalSection
EndGlobal
